// !$*UTF8*$!
{
	archiveVersion = 1;
	classes = {
	};
	objectVersion = 45;
	objects = {

/* Begin PBXBuildFile section */
		1D60589F0D05DD5A006BFB54 /* Foundation.framework in Frameworks */ = {isa = PBXBuildFile; fileRef = 1D30AB110D05D00D00671497 /* Foundation.framework */; };
		1DF5F4E00D08C38300B7A737 /* UIKit.framework in Frameworks */ = {isa = PBXBuildFile; fileRef = 1DF5F4DF0D08C38300B7A737 /* UIKit.framework */; };
		288765A50DF7441C002DB57D /* CoreGraphics.framework in Frameworks */ = {isa = PBXBuildFile; fileRef = 288765A40DF7441C002DB57D /* CoreGraphics.framework */; };
		D5173C8D13AEA596001EEACC /* NSArray+ELHASO.m in Sources */ = {isa = PBXBuildFile; fileRef = D5173C7F13AEA596001EEACC /* NSArray+ELHASO.m */; };
		D519887E13B66BF500197DDC /* MainWindow.xib in Resources */ = {isa = PBXBuildFile; fileRef = D519887D13B66BF500197DDC /* MainWindow.xib */; };
		D51988B013B685DA00197DDC /* NSString+ELHASO.m in Sources */ = {isa = PBXBuildFile; fileRef = D5173C8313AEA596001EEACC /* NSString+ELHASO.m */; };
		D51988C113B6877700197DDC /* electric_hands_software_hand_logo.jpg in Resources */ = {isa = PBXBuildFile; fileRef = D51988C013B6877700197DDC /* electric_hands_software_hand_logo.jpg */; };
		D51988C213B6886100197DDC /* UIImageView+ELHASO.m in Sources */ = {isa = PBXBuildFile; fileRef = D5173C8713AEA596001EEACC /* UIImageView+ELHASO.m */; };
		D51988E613B68A2100197DDC /* UIImage+ELHASO.m in Sources */ = {isa = PBXBuildFile; fileRef = D5173C8513AEA596001EEACC /* UIImage+ELHASO.m */; };
		D519890113B68CA400197DDC /* UILabel+ELHASO.m in Sources */ = {isa = PBXBuildFile; fileRef = D5173C8913AEA596001EEACC /* UILabel+ELHASO.m */; };
		D519893713B68F8100197DDC /* CLLocation+ELHASO.m in Sources */ = {isa = PBXBuildFile; fileRef = D5173C7C13AEA596001EEACC /* CLLocation+ELHASO.m */; };
		D519894113B68FA100197DDC /* CoreLocation.framework in Frameworks */ = {isa = PBXBuildFile; fileRef = D519894013B68FA100197DDC /* CoreLocation.framework */; };
		D525502713C9B64D0050DD86 /* ELHASO.m in Sources */ = {isa = PBXBuildFile; fileRef = D525502613C9B64D0050DD86 /* ELHASO.m */; };
		D5330A3713B669C3003BE0FD /* App_delegate.m in Sources */ = {isa = PBXBuildFile; fileRef = D5330A3013B669C3003BE0FD /* App_delegate.m */; };
		D5330A3913B669C3003BE0FD /* main.m in Sources */ = {isa = PBXBuildFile; fileRef = D5330A3413B669C3003BE0FD /* main.m */; };
		D5330A3A13B669C3003BE0FD /* View_controller.m in Sources */ = {isa = PBXBuildFile; fileRef = D5330A3613B669C3003BE0FD /* View_controller.m */; };
		D5683FB113C0C574008DE83C /* NSDictionary+ELHASO.m in Sources */ = {isa = PBXBuildFile; fileRef = D5173C8113AEA596001EEACC /* NSDictionary+ELHASO.m */; };
		D568401B13C0CF76008DE83C /* Base64+ELHASO.m in Sources */ = {isa = PBXBuildFile; fileRef = D568401A13C0CF76008DE83C /* Base64+ELHASO.m */; };
		D581190813E97DD5007DB15F /* ELHASO_cell.m in Sources */ = {isa = PBXBuildFile; fileRef = D581190713E97DD5007DB15F /* ELHASO_cell.m */; };
		D597A15313D0976300CC220B /* NSObject+ELHASO.m in Sources */ = {isa = PBXBuildFile; fileRef = D597A15213D0976300CC220B /* NSObject+ELHASO.m */; };
		D5B3DC9F13C8AA970021B65D /* Root_table_controller.m in Sources */ = {isa = PBXBuildFile; fileRef = D5B3DC9E13C8AA970021B65D /* Root_table_controller.m */; };
		D5B3DDAF13C8B7590021B65D /* UINavigationController+ELHASO.m in Sources */ = {isa = PBXBuildFile; fileRef = D5173C8B13AEA596001EEACC /* UINavigationController+ELHASO.m */; };
		D5F0ACCA1461551800EC4121 /* NSMutableArray+ELHASO.m in Sources */ = {isa = PBXBuildFile; fileRef = D5F0ACC71461551800EC4121 /* NSMutableArray+ELHASO.m */; };
		D5F0ACCB1461551800EC4121 /* NSNotificationCenter+ELHASO.m in Sources */ = {isa = PBXBuildFile; fileRef = D5F0ACC91461551800EC4121 /* NSNotificationCenter+ELHASO.m */; };
		D5F0ACCE1461552700EC4121 /* UIView+ELHASO.m in Sources */ = {isa = PBXBuildFile; fileRef = D5F0ACCD1461552700EC4121 /* UIView+ELHASO.m */; };
		D5F0ACD11461553400EC4121 /* UIActivity.m in Sources */ = {isa = PBXBuildFile; fileRef = D5F0ACD01461553400EC4121 /* UIActivity.m */; };
/* End PBXBuildFile section */

/* Begin PBXFileReference section */
		1D30AB110D05D00D00671497 /* Foundation.framework */ = {isa = PBXFileReference; lastKnownFileType = wrapper.framework; name = Foundation.framework; path = System/Library/Frameworks/Foundation.framework; sourceTree = SDKROOT; };
		1D6058910D05DD3D006BFB54 /* Example.app */ = {isa = PBXFileReference; explicitFileType = wrapper.application; includeInIndex = 0; path = Example.app; sourceTree = BUILT_PRODUCTS_DIR; };
		1DF5F4DF0D08C38300B7A737 /* UIKit.framework */ = {isa = PBXFileReference; lastKnownFileType = wrapper.framework; name = UIKit.framework; path = System/Library/Frameworks/UIKit.framework; sourceTree = SDKROOT; };
		288765A40DF7441C002DB57D /* CoreGraphics.framework */ = {isa = PBXFileReference; lastKnownFileType = wrapper.framework; name = CoreGraphics.framework; path = System/Library/Frameworks/CoreGraphics.framework; sourceTree = SDKROOT; };
		D5173C7B13AEA596001EEACC /* CLLocation+ELHASO.h */ = {isa = PBXFileReference; fileEncoding = 4; lastKnownFileType = sourcecode.c.h; path = "CLLocation+ELHASO.h"; sourceTree = "<group>"; };
		D5173C7C13AEA596001EEACC /* CLLocation+ELHASO.m */ = {isa = PBXFileReference; fileEncoding = 4; lastKnownFileType = sourcecode.c.objc; path = "CLLocation+ELHASO.m"; sourceTree = "<group>"; };
		D5173C7D13AEA596001EEACC /* ELHASO.h */ = {isa = PBXFileReference; fileEncoding = 4; lastKnownFileType = sourcecode.c.h; path = ELHASO.h; sourceTree = "<group>"; };
		D5173C7E13AEA596001EEACC /* NSArray+ELHASO.h */ = {isa = PBXFileReference; fileEncoding = 4; lastKnownFileType = sourcecode.c.h; path = "NSArray+ELHASO.h"; sourceTree = "<group>"; };
		D5173C7F13AEA596001EEACC /* NSArray+ELHASO.m */ = {isa = PBXFileReference; fileEncoding = 4; lastKnownFileType = sourcecode.c.objc; path = "NSArray+ELHASO.m"; sourceTree = "<group>"; };
		D5173C8013AEA596001EEACC /* NSDictionary+ELHASO.h */ = {isa = PBXFileReference; fileEncoding = 4; lastKnownFileType = sourcecode.c.h; path = "NSDictionary+ELHASO.h"; sourceTree = "<group>"; };
		D5173C8113AEA596001EEACC /* NSDictionary+ELHASO.m */ = {isa = PBXFileReference; fileEncoding = 4; lastKnownFileType = sourcecode.c.objc; path = "NSDictionary+ELHASO.m"; sourceTree = "<group>"; };
		D5173C8213AEA596001EEACC /* NSString+ELHASO.h */ = {isa = PBXFileReference; fileEncoding = 4; lastKnownFileType = sourcecode.c.h; path = "NSString+ELHASO.h"; sourceTree = "<group>"; };
		D5173C8313AEA596001EEACC /* NSString+ELHASO.m */ = {isa = PBXFileReference; fileEncoding = 4; lastKnownFileType = sourcecode.c.objc; path = "NSString+ELHASO.m"; sourceTree = "<group>"; };
		D5173C8413AEA596001EEACC /* UIImage+ELHASO.h */ = {isa = PBXFileReference; fileEncoding = 4; lastKnownFileType = sourcecode.c.h; path = "UIImage+ELHASO.h"; sourceTree = "<group>"; };
		D5173C8513AEA596001EEACC /* UIImage+ELHASO.m */ = {isa = PBXFileReference; fileEncoding = 4; lastKnownFileType = sourcecode.c.objc; path = "UIImage+ELHASO.m"; sourceTree = "<group>"; };
		D5173C8613AEA596001EEACC /* UIImageView+ELHASO.h */ = {isa = PBXFileReference; fileEncoding = 4; lastKnownFileType = sourcecode.c.h; path = "UIImageView+ELHASO.h"; sourceTree = "<group>"; };
		D5173C8713AEA596001EEACC /* UIImageView+ELHASO.m */ = {isa = PBXFileReference; fileEncoding = 4; lastKnownFileType = sourcecode.c.objc; path = "UIImageView+ELHASO.m"; sourceTree = "<group>"; };
		D5173C8813AEA596001EEACC /* UILabel+ELHASO.h */ = {isa = PBXFileReference; fileEncoding = 4; lastKnownFileType = sourcecode.c.h; path = "UILabel+ELHASO.h"; sourceTree = "<group>"; };
		D5173C8913AEA596001EEACC /* UILabel+ELHASO.m */ = {isa = PBXFileReference; fileEncoding = 4; lastKnownFileType = sourcecode.c.objc; path = "UILabel+ELHASO.m"; sourceTree = "<group>"; };
		D5173C8A13AEA596001EEACC /* UINavigationController+ELHASO.h */ = {isa = PBXFileReference; fileEncoding = 4; lastKnownFileType = sourcecode.c.h; path = "UINavigationController+ELHASO.h"; sourceTree = "<group>"; };
		D5173C8B13AEA596001EEACC /* UINavigationController+ELHASO.m */ = {isa = PBXFileReference; fileEncoding = 4; lastKnownFileType = sourcecode.c.objc; path = "UINavigationController+ELHASO.m"; sourceTree = "<group>"; };
		D519887D13B66BF500197DDC /* MainWindow.xib */ = {isa = PBXFileReference; lastKnownFileType = file.xib; path = MainWindow.xib; sourceTree = "<group>"; };
		D51988C013B6877700197DDC /* electric_hands_software_hand_logo.jpg */ = {isa = PBXFileReference; lastKnownFileType = image.jpeg; path = electric_hands_software_hand_logo.jpg; sourceTree = "<group>"; };
		D519894013B68FA100197DDC /* CoreLocation.framework */ = {isa = PBXFileReference; lastKnownFileType = wrapper.framework; name = CoreLocation.framework; path = System/Library/Frameworks/CoreLocation.framework; sourceTree = SDKROOT; };
		D525502513C9B6450050DD86 /* ELHASO-types.h */ = {isa = PBXFileReference; fileEncoding = 4; lastKnownFileType = sourcecode.c.h; path = "ELHASO-types.h"; sourceTree = "<group>"; };
		D525502613C9B64D0050DD86 /* ELHASO.m */ = {isa = PBXFileReference; fileEncoding = 4; lastKnownFileType = sourcecode.c.objc; path = ELHASO.m; sourceTree = "<group>"; };
		D5330A2F13B669C3003BE0FD /* App_delegate.h */ = {isa = PBXFileReference; fileEncoding = 4; lastKnownFileType = sourcecode.c.h; path = App_delegate.h; sourceTree = "<group>"; };
		D5330A3013B669C3003BE0FD /* App_delegate.m */ = {isa = PBXFileReference; fileEncoding = 4; lastKnownFileType = sourcecode.c.objc; path = App_delegate.m; sourceTree = "<group>"; };
		D5330A3213B669C3003BE0FD /* Example-Info.plist */ = {isa = PBXFileReference; fileEncoding = 4; lastKnownFileType = text.plist.xml; path = "Example-Info.plist"; sourceTree = "<group>"; };
		D5330A3313B669C3003BE0FD /* Example_Prefix.pch */ = {isa = PBXFileReference; fileEncoding = 4; lastKnownFileType = sourcecode.c.h; path = Example_Prefix.pch; sourceTree = "<group>"; };
		D5330A3413B669C3003BE0FD /* main.m */ = {isa = PBXFileReference; fileEncoding = 4; lastKnownFileType = sourcecode.c.objc; path = main.m; sourceTree = "<group>"; };
		D5330A3513B669C3003BE0FD /* View_controller.h */ = {isa = PBXFileReference; fileEncoding = 4; lastKnownFileType = sourcecode.c.h; path = View_controller.h; sourceTree = "<group>"; };
		D5330A3613B669C3003BE0FD /* View_controller.m */ = {isa = PBXFileReference; fileEncoding = 4; lastKnownFileType = sourcecode.c.objc; path = View_controller.m; sourceTree = "<group>"; };
		D568401913C0CF76008DE83C /* Base64+ELHASO.h */ = {isa = PBXFileReference; fileEncoding = 4; lastKnownFileType = sourcecode.c.h; path = "Base64+ELHASO.h"; sourceTree = "<group>"; };
		D568401A13C0CF76008DE83C /* Base64+ELHASO.m */ = {isa = PBXFileReference; fileEncoding = 4; lastKnownFileType = sourcecode.c.objc; path = "Base64+ELHASO.m"; sourceTree = "<group>"; };
		D581190613E97DD5007DB15F /* ELHASO_cell.h */ = {isa = PBXFileReference; fileEncoding = 4; lastKnownFileType = sourcecode.c.h; path = ELHASO_cell.h; sourceTree = "<group>"; };
		D581190713E97DD5007DB15F /* ELHASO_cell.m */ = {isa = PBXFileReference; fileEncoding = 4; lastKnownFileType = sourcecode.c.objc; path = ELHASO_cell.m; sourceTree = "<group>"; };
		D597A15113D0976300CC220B /* NSObject+ELHASO.h */ = {isa = PBXFileReference; fileEncoding = 4; lastKnownFileType = sourcecode.c.h; path = "NSObject+ELHASO.h"; sourceTree = "<group>"; };
		D597A15213D0976300CC220B /* NSObject+ELHASO.m */ = {isa = PBXFileReference; fileEncoding = 4; lastKnownFileType = sourcecode.c.objc; path = "NSObject+ELHASO.m"; sourceTree = "<group>"; };
		D5B3DC9D13C8AA970021B65D /* Root_table_controller.h */ = {isa = PBXFileReference; fileEncoding = 4; lastKnownFileType = sourcecode.c.h; path = Root_table_controller.h; sourceTree = "<group>"; };
		D5B3DC9E13C8AA970021B65D /* Root_table_controller.m */ = {isa = PBXFileReference; fileEncoding = 4; lastKnownFileType = sourcecode.c.objc; path = Root_table_controller.m; sourceTree = "<group>"; };
		D5F0ACC61461551800EC4121 /* NSMutableArray+ELHASO.h */ = {isa = PBXFileReference; fileEncoding = 4; lastKnownFileType = sourcecode.c.h; path = "NSMutableArray+ELHASO.h"; sourceTree = "<group>"; };
		D5F0ACC71461551800EC4121 /* NSMutableArray+ELHASO.m */ = {isa = PBXFileReference; fileEncoding = 4; lastKnownFileType = sourcecode.c.objc; path = "NSMutableArray+ELHASO.m"; sourceTree = "<group>"; };
		D5F0ACC81461551800EC4121 /* NSNotificationCenter+ELHASO.h */ = {isa = PBXFileReference; fileEncoding = 4; lastKnownFileType = sourcecode.c.h; path = "NSNotificationCenter+ELHASO.h"; sourceTree = "<group>"; };
		D5F0ACC91461551800EC4121 /* NSNotificationCenter+ELHASO.m */ = {isa = PBXFileReference; fileEncoding = 4; lastKnownFileType = sourcecode.c.objc; path = "NSNotificationCenter+ELHASO.m"; sourceTree = "<group>"; };
		D5F0ACCC1461552700EC4121 /* UIView+ELHASO.h */ = {isa = PBXFileReference; fileEncoding = 4; lastKnownFileType = sourcecode.c.h; path = "UIView+ELHASO.h"; sourceTree = "<group>"; };
		D5F0ACCD1461552700EC4121 /* UIView+ELHASO.m */ = {isa = PBXFileReference; fileEncoding = 4; lastKnownFileType = sourcecode.c.objc; path = "UIView+ELHASO.m"; sourceTree = "<group>"; };
		D5F0ACCF1461553400EC4121 /* UIActivity.h */ = {isa = PBXFileReference; fileEncoding = 4; lastKnownFileType = sourcecode.c.h; path = UIActivity.h; sourceTree = "<group>"; };
		D5F0ACD01461553400EC4121 /* UIActivity.m */ = {isa = PBXFileReference; fileEncoding = 4; lastKnownFileType = sourcecode.c.objc; path = UIActivity.m; sourceTree = "<group>"; };
/* End PBXFileReference section */

/* Begin PBXFrameworksBuildPhase section */
		1D60588F0D05DD3D006BFB54 /* Frameworks */ = {
			isa = PBXFrameworksBuildPhase;
			buildActionMask = 2147483647;
			files = (
				1D60589F0D05DD5A006BFB54 /* Foundation.framework in Frameworks */,
				1DF5F4E00D08C38300B7A737 /* UIKit.framework in Frameworks */,
				288765A50DF7441C002DB57D /* CoreGraphics.framework in Frameworks */,
				D519894113B68FA100197DDC /* CoreLocation.framework in Frameworks */,
			);
			runOnlyForDeploymentPostprocessing = 0;
		};
/* End PBXFrameworksBuildPhase section */

/* Begin PBXGroup section */
		19C28FACFE9D520D11CA2CBB /* Products */ = {
			isa = PBXGroup;
			children = (
				1D6058910D05DD3D006BFB54 /* Example.app */,
			);
			name = Products;
			sourceTree = "<group>";
		};
		29B97314FDCFA39411CA2CEA /* CustomTemplate */ = {
			isa = PBXGroup;
			children = (
				D5173C7813AEA553001EEACC /* external */,
				D519887C13B66BF500197DDC /* resources */,
				D5330A2E13B669C3003BE0FD /* src */,
				29B97323FDCFA39411CA2CEA /* Frameworks */,
				19C28FACFE9D520D11CA2CBB /* Products */,
			);
			name = CustomTemplate;
			sourceTree = "<group>";
		};
		29B97323FDCFA39411CA2CEA /* Frameworks */ = {
			isa = PBXGroup;
			children = (
				1DF5F4DF0D08C38300B7A737 /* UIKit.framework */,
				1D30AB110D05D00D00671497 /* Foundation.framework */,
				288765A40DF7441C002DB57D /* CoreGraphics.framework */,
				D519894013B68FA100197DDC /* CoreLocation.framework */,
			);
			name = Frameworks;
			sourceTree = "<group>";
		};
		D5173C7813AEA553001EEACC /* external */ = {
			isa = PBXGroup;
			children = (
				D5173C7A13AEA596001EEACC /* ELHASO-iOS-snippets */,
			);
			name = external;
			sourceTree = "<group>";
		};
		D5173C7A13AEA596001EEACC /* ELHASO-iOS-snippets */ = {
			isa = PBXGroup;
			children = (
				D568401913C0CF76008DE83C /* Base64+ELHASO.h */,
				D568401A13C0CF76008DE83C /* Base64+ELHASO.m */,
				D5173C7B13AEA596001EEACC /* CLLocation+ELHASO.h */,
				D5173C7C13AEA596001EEACC /* CLLocation+ELHASO.m */,
				D581190613E97DD5007DB15F /* ELHASO_cell.h */,
				D581190713E97DD5007DB15F /* ELHASO_cell.m */,
				D525502513C9B6450050DD86 /* ELHASO-types.h */,
				D5173C7D13AEA596001EEACC /* ELHASO.h */,
				D525502613C9B64D0050DD86 /* ELHASO.m */,
				D5173C7E13AEA596001EEACC /* NSArray+ELHASO.h */,
				D5173C7F13AEA596001EEACC /* NSArray+ELHASO.m */,
				D5173C8013AEA596001EEACC /* NSDictionary+ELHASO.h */,
				D5173C8113AEA596001EEACC /* NSDictionary+ELHASO.m */,
				D5F0ACC61461551800EC4121 /* NSMutableArray+ELHASO.h */,
				D5F0ACC71461551800EC4121 /* NSMutableArray+ELHASO.m */,
				D5F0ACC81461551800EC4121 /* NSNotificationCenter+ELHASO.h */,
				D5F0ACC91461551800EC4121 /* NSNotificationCenter+ELHASO.m */,
				D597A15113D0976300CC220B /* NSObject+ELHASO.h */,
				D597A15213D0976300CC220B /* NSObject+ELHASO.m */,
				D5173C8213AEA596001EEACC /* NSString+ELHASO.h */,
				D5F0ACCF1461553400EC4121 /* UIActivity.h */,
				D5F0ACD01461553400EC4121 /* UIActivity.m */,
				D5173C8313AEA596001EEACC /* NSString+ELHASO.m */,
				D5173C8413AEA596001EEACC /* UIImage+ELHASO.h */,
				D5173C8513AEA596001EEACC /* UIImage+ELHASO.m */,
				D5173C8613AEA596001EEACC /* UIImageView+ELHASO.h */,
				D5173C8713AEA596001EEACC /* UIImageView+ELHASO.m */,
				D5173C8813AEA596001EEACC /* UILabel+ELHASO.h */,
				D5173C8913AEA596001EEACC /* UILabel+ELHASO.m */,
				D5173C8A13AEA596001EEACC /* UINavigationController+ELHASO.h */,
				D5173C8B13AEA596001EEACC /* UINavigationController+ELHASO.m */,
				D5F0ACCC1461552700EC4121 /* UIView+ELHASO.h */,
				D5F0ACCD1461552700EC4121 /* UIView+ELHASO.m */,
			);
			name = "ELHASO-iOS-snippets";
			path = ../src;
			sourceTree = SOURCE_ROOT;
		};
		D519887C13B66BF500197DDC /* resources */ = {
			isa = PBXGroup;
			children = (
				D51988C013B6877700197DDC /* electric_hands_software_hand_logo.jpg */,
				D519887D13B66BF500197DDC /* MainWindow.xib */,
			);
			path = resources;
			sourceTree = "<group>";
		};
		D5330A2E13B669C3003BE0FD /* src */ = {
			isa = PBXGroup;
			children = (
				D5330A3113B669C3003BE0FD /* other */,
				D5330A2F13B669C3003BE0FD /* App_delegate.h */,
				D5330A3013B669C3003BE0FD /* App_delegate.m */,
				D5B3DC9D13C8AA970021B65D /* Root_table_controller.h */,
				D5B3DC9E13C8AA970021B65D /* Root_table_controller.m */,
				D5330A3513B669C3003BE0FD /* View_controller.h */,
				D5330A3613B669C3003BE0FD /* View_controller.m */,
			);
			path = src;
			sourceTree = "<group>";
		};
		D5330A3113B669C3003BE0FD /* other */ = {
			isa = PBXGroup;
			children = (
				D5330A3213B669C3003BE0FD /* Example-Info.plist */,
				D5330A3313B669C3003BE0FD /* Example_Prefix.pch */,
				D5330A3413B669C3003BE0FD /* main.m */,
			);
			path = other;
			sourceTree = "<group>";
		};
/* End PBXGroup section */

/* Begin PBXNativeTarget section */
		1D6058900D05DD3D006BFB54 /* Example */ = {
			isa = PBXNativeTarget;
			buildConfigurationList = 1D6058960D05DD3E006BFB54 /* Build configuration list for PBXNativeTarget "Example" */;
			buildPhases = (
				1D60588D0D05DD3D006BFB54 /* Resources */,
				1D60588E0D05DD3D006BFB54 /* Sources */,
				1D60588F0D05DD3D006BFB54 /* Frameworks */,
			);
			buildRules = (
			);
			dependencies = (
			);
			name = Example;
			productName = Example;
			productReference = 1D6058910D05DD3D006BFB54 /* Example.app */;
			productType = "com.apple.product-type.application";
		};
/* End PBXNativeTarget section */

/* Begin PBXProject section */
		29B97313FDCFA39411CA2CEA /* Project object */ = {
			isa = PBXProject;
			buildConfigurationList = C01FCF4E08A954540054247B /* Build configuration list for PBXProject "Example" */;
			compatibilityVersion = "Xcode 3.1";
			developmentRegion = English;
			hasScannedForEncodings = 1;
			knownRegions = (
				English,
				Japanese,
				French,
				German,
			);
			mainGroup = 29B97314FDCFA39411CA2CEA /* CustomTemplate */;
			projectDirPath = "";
			projectRoot = "";
			targets = (
				1D6058900D05DD3D006BFB54 /* Example */,
			);
		};
/* End PBXProject section */

/* Begin PBXResourcesBuildPhase section */
		1D60588D0D05DD3D006BFB54 /* Resources */ = {
			isa = PBXResourcesBuildPhase;
			buildActionMask = 2147483647;
			files = (
				D519887E13B66BF500197DDC /* MainWindow.xib in Resources */,
				D51988C113B6877700197DDC /* electric_hands_software_hand_logo.jpg in Resources */,
			);
			runOnlyForDeploymentPostprocessing = 0;
		};
/* End PBXResourcesBuildPhase section */

/* Begin PBXSourcesBuildPhase section */
		1D60588E0D05DD3D006BFB54 /* Sources */ = {
			isa = PBXSourcesBuildPhase;
			buildActionMask = 2147483647;
			files = (
				D5173C8D13AEA596001EEACC /* NSArray+ELHASO.m in Sources */,
				D5330A3713B669C3003BE0FD /* App_delegate.m in Sources */,
				D5330A3913B669C3003BE0FD /* main.m in Sources */,
				D5330A3A13B669C3003BE0FD /* View_controller.m in Sources */,
				D51988B013B685DA00197DDC /* NSString+ELHASO.m in Sources */,
				D51988C213B6886100197DDC /* UIImageView+ELHASO.m in Sources */,
				D51988E613B68A2100197DDC /* UIImage+ELHASO.m in Sources */,
				D519890113B68CA400197DDC /* UILabel+ELHASO.m in Sources */,
				D519893713B68F8100197DDC /* CLLocation+ELHASO.m in Sources */,
				D5683FB113C0C574008DE83C /* NSDictionary+ELHASO.m in Sources */,
				D568401B13C0CF76008DE83C /* Base64+ELHASO.m in Sources */,
				D5B3DC9F13C8AA970021B65D /* Root_table_controller.m in Sources */,
				D5B3DDAF13C8B7590021B65D /* UINavigationController+ELHASO.m in Sources */,
				D525502713C9B64D0050DD86 /* ELHASO.m in Sources */,
				D597A15313D0976300CC220B /* NSObject+ELHASO.m in Sources */,
				D581190813E97DD5007DB15F /* ELHASO_cell.m in Sources */,
				D5F0ACCA1461551800EC4121 /* NSMutableArray+ELHASO.m in Sources */,
				D5F0ACCB1461551800EC4121 /* NSNotificationCenter+ELHASO.m in Sources */,
				D5F0ACCE1461552700EC4121 /* UIView+ELHASO.m in Sources */,
				D5F0ACD11461553400EC4121 /* UIActivity.m in Sources */,
			);
			runOnlyForDeploymentPostprocessing = 0;
		};
/* End PBXSourcesBuildPhase section */

/* Begin XCBuildConfiguration section */
		1D6058940D05DD3E006BFB54 /* Debug */ = {
			isa = XCBuildConfiguration;
			buildSettings = {
				ALWAYS_SEARCH_USER_PATHS = NO;
				COPY_PHASE_STRIP = NO;
				GCC_DYNAMIC_NO_PIC = NO;
				GCC_OPTIMIZATION_LEVEL = 0;
				GCC_PRECOMPILE_PREFIX_HEADER = YES;
				GCC_PREFIX_HEADER = src/other/Example_Prefix.pch;
				INFOPLIST_FILE = "src/other/Example-Info.plist";
				PRODUCT_NAME = Example;
			};
			name = Debug;
		};
		1D6058950D05DD3E006BFB54 /* Release */ = {
			isa = XCBuildConfiguration;
			buildSettings = {
				ALWAYS_SEARCH_USER_PATHS = NO;
				COPY_PHASE_STRIP = YES;
				GCC_PRECOMPILE_PREFIX_HEADER = YES;
				GCC_PREFIX_HEADER = src/other/Example_Prefix.pch;
				INFOPLIST_FILE = "src/other/Example-Info.plist";
				PRODUCT_NAME = Example;
				VALIDATE_PRODUCT = YES;
			};
			name = Release;
		};
		C01FCF4F08A954540054247B /* Debug */ = {
			isa = XCBuildConfiguration;
			buildSettings = {
				ARCHS = "$(ARCHS_STANDARD_32_BIT)";
				"CODE_SIGN_IDENTITY[sdk=iphoneos*]" = "iPhone Developer";
				GCC_C_LANGUAGE_STANDARD = c99;
				GCC_PREPROCESSOR_DEFINITIONS = DEBUG;
				GCC_TREAT_IMPLICIT_FUNCTION_DECLARATIONS_AS_ERRORS = YES;
				GCC_TREAT_WARNINGS_AS_ERRORS = NO;
				GCC_WARN_ABOUT_RETURN_TYPE = YES;
				GCC_WARN_PEDANTIC = YES;
				GCC_WARN_UNUSED_VARIABLE = YES;
				HEADER_SEARCH_PATHS = ../src;
				PREBINDING = NO;
				SDKROOT = iphoneos;
			};
			name = Debug;
		};
		C01FCF5008A954540054247B /* Release */ = {
			isa = XCBuildConfiguration;
			buildSettings = {
				ARCHS = "$(ARCHS_STANDARD_32_BIT)";
				"CODE_SIGN_IDENTITY[sdk=iphoneos*]" = "iPhone Developer";
				GCC_C_LANGUAGE_STANDARD = c99;
				GCC_PREPROCESSOR_DEFINITIONS = (
					NDEBUG,
					RELEASE,
				);
				GCC_WARN_ABOUT_RETURN_TYPE = YES;
				GCC_WARN_UNUSED_VARIABLE = YES;
				HEADER_SEARCH_PATHS = ../src;
				OTHER_CFLAGS = "-DNS_BLOCK_ASSERTIONS=1";
				PREBINDING = NO;
				SDKROOT = iphoneos;
			};
			name = Release;
		};
/* End XCBuildConfiguration section */

/* Begin XCConfigurationList section */
		1D6058960D05DD3E006BFB54 /* Build configuration list for PBXNativeTarget "Example" */ = {
			isa = XCConfigurationList;
			buildConfigurations = (
				1D6058940D05DD3E006BFB54 /* Debug */,
				1D6058950D05DD3E006BFB54 /* Release */,
			);
			defaultConfigurationIsVisible = 0;
			defaultConfigurationName = Release;
		};
		C01FCF4E08A954540054247B /* Build configuration list for PBXProject "Example" */ = {
			isa = XCConfigurationList;
			buildConfigurations = (
				C01FCF4F08A954540054247B /* Debug */,
				C01FCF5008A954540054247B /* Release */,
			);
			defaultConfigurationIsVisible = 0;
			defaultConfigurationName = Release;
		};
/* End XCConfigurationList section */
	};
	rootObject = 29B97313FDCFA39411CA2CEA /* Project object */;
}
